// !$*UTF8*$!
{
	archiveVersion = 1;
	classes = {
	};
	objectVersion = 46;
	objects = {

/* Begin PBXBuildFile section */
		EF840B5C1978044700748569 /* Foundation.framework in Frameworks */ = {isa = PBXBuildFile; fileRef = EF840B5B1978044700748569 /* Foundation.framework */; };
		EF840B5E1978044700748569 /* CoreGraphics.framework in Frameworks */ = {isa = PBXBuildFile; fileRef = EF840B5D1978044700748569 /* CoreGraphics.framework */; };
		EF840B601978044700748569 /* UIKit.framework in Frameworks */ = {isa = PBXBuildFile; fileRef = EF840B5F1978044700748569 /* UIKit.framework */; };
		EF840B661978044700748569 /* InfoPlist.strings in Resources */ = {isa = PBXBuildFile; fileRef = EF840B641978044700748569 /* InfoPlist.strings */; };
		EF840B681978044700748569 /* main.m in Sources */ = {isa = PBXBuildFile; fileRef = EF840B671978044700748569 /* main.m */; };
		EF840B6C1978044700748569 /* AppDelegate.m in Sources */ = {isa = PBXBuildFile; fileRef = EF840B6B1978044700748569 /* AppDelegate.m */; };
		EF840B6F1978044700748569 /* Main_iPhone.storyboard in Resources */ = {isa = PBXBuildFile; fileRef = EF840B6D1978044700748569 /* Main_iPhone.storyboard */; };
		EF840B721978044700748569 /* Main_iPad.storyboard in Resources */ = {isa = PBXBuildFile; fileRef = EF840B701978044700748569 /* Main_iPad.storyboard */; };
		EF840B751978044700748569 /* ViewController.m in Sources */ = {isa = PBXBuildFile; fileRef = EF840B741978044700748569 /* ViewController.m */; };
		EF840B771978044700748569 /* Images.xcassets in Resources */ = {isa = PBXBuildFile; fileRef = EF840B761978044700748569 /* Images.xcassets */; };
		EF840B7E1978044700748569 /* XCTest.framework in Frameworks */ = {isa = PBXBuildFile; fileRef = EF840B7D1978044700748569 /* XCTest.framework */; };
		EF840B7F1978044700748569 /* Foundation.framework in Frameworks */ = {isa = PBXBuildFile; fileRef = EF840B5B1978044700748569 /* Foundation.framework */; };
		EF840B801978044700748569 /* UIKit.framework in Frameworks */ = {isa = PBXBuildFile; fileRef = EF840B5F1978044700748569 /* UIKit.framework */; };
		EF840B881978044700748569 /* InfoPlist.strings in Resources */ = {isa = PBXBuildFile; fileRef = EF840B861978044700748569 /* InfoPlist.strings */; };
		EF840B8A1978044700748569 /* CaculatorTests.m in Sources */ = {isa = PBXBuildFile; fileRef = EF840B891978044700748569 /* CaculatorTests.m */; };
/* End PBXBuildFile section */

/* Begin PBXContainerItemProxy section */
		EF840B811978044700748569 /* PBXContainerItemProxy */ = {
			isa = PBXContainerItemProxy;
			containerPortal = EF840B501978044700748569 /* Project object */;
			proxyType = 1;
			remoteGlobalIDString = EF840B571978044700748569;
			remoteInfo = Caculator;
		};
/* End PBXContainerItemProxy section */

/* Begin PBXFileReference section */
		EF840B581978044700748569 /* Caculator.app */ = {isa = PBXFileReference; explicitFileType = wrapper.application; includeInIndex = 0; path = Caculator.app; sourceTree = BUILT_PRODUCTS_DIR; };
		EF840B5B1978044700748569 /* Foundation.framework */ = {isa = PBXFileReference; lastKnownFileType = wrapper.framework; name = Foundation.framework; path = System/Library/Frameworks/Foundation.framework; sourceTree = SDKROOT; };
		EF840B5D1978044700748569 /* CoreGraphics.framework */ = {isa = PBXFileReference; lastKnownFileType = wrapper.framework; name = CoreGraphics.framework; path = System/Library/Frameworks/CoreGraphics.framework; sourceTree = SDKROOT; };
		EF840B5F1978044700748569 /* UIKit.framework */ = {isa = PBXFileReference; lastKnownFileType = wrapper.framework; name = UIKit.framework; path = System/Library/Frameworks/UIKit.framework; sourceTree = SDKROOT; };
		EF840B631978044700748569 /* Caculator-Info.plist */ = {isa = PBXFileReference; lastKnownFileType = text.plist.xml; path = "Caculator-Info.plist"; sourceTree = "<group>"; };
		EF840B651978044700748569 /* en */ = {isa = PBXFileReference; lastKnownFileType = text.plist.strings; name = en; path = en.lproj/InfoPlist.strings; sourceTree = "<group>"; };
		EF840B671978044700748569 /* main.m */ = {isa = PBXFileReference; lastKnownFileType = sourcecode.c.objc; path = main.m; sourceTree = "<group>"; };
		EF840B691978044700748569 /* Caculator-Prefix.pch */ = {isa = PBXFileReference; lastKnownFileType = sourcecode.c.h; path = "Caculator-Prefix.pch"; sourceTree = "<group>"; };
		EF840B6A1978044700748569 /* AppDelegate.h */ = {isa = PBXFileReference; lastKnownFileType = sourcecode.c.h; path = AppDelegate.h; sourceTree = "<group>"; };
		EF840B6B1978044700748569 /* AppDelegate.m */ = {isa = PBXFileReference; lastKnownFileType = sourcecode.c.objc; path = AppDelegate.m; sourceTree = "<group>"; };
		EF840B6E1978044700748569 /* Base */ = {isa = PBXFileReference; lastKnownFileType = file.storyboard; name = Base; path = Base.lproj/Main_iPhone.storyboard; sourceTree = "<group>"; };
		EF840B711978044700748569 /* Base */ = {isa = PBXFileReference; lastKnownFileType = file.storyboard; name = Base; path = Base.lproj/Main_iPad.storyboard; sourceTree = "<group>"; };
		EF840B731978044700748569 /* ViewController.h */ = {isa = PBXFileReference; lastKnownFileType = sourcecode.c.h; path = ViewController.h; sourceTree = "<group>"; };
		EF840B741978044700748569 /* ViewController.m */ = {isa = PBXFileReference; lastKnownFileType = sourcecode.c.objc; path = ViewController.m; sourceTree = "<group>"; };
		EF840B761978044700748569 /* Images.xcassets */ = {isa = PBXFileReference; lastKnownFileType = folder.assetcatalog; path = Images.xcassets; sourceTree = "<group>"; };
		EF840B7C1978044700748569 /* CaculatorTests.xctest */ = {isa = PBXFileReference; explicitFileType = wrapper.cfbundle; includeInIndex = 0; path = CaculatorTests.xctest; sourceTree = BUILT_PRODUCTS_DIR; };
		EF840B7D1978044700748569 /* XCTest.framework */ = {isa = PBXFileReference; lastKnownFileType = wrapper.framework; name = XCTest.framework; path = Library/Frameworks/XCTest.framework; sourceTree = DEVELOPER_DIR; };
		EF840B851978044700748569 /* CaculatorTests-Info.plist */ = {isa = PBXFileReference; lastKnownFileType = text.plist.xml; path = "CaculatorTests-Info.plist"; sourceTree = "<group>"; };
		EF840B871978044700748569 /* en */ = {isa = PBXFileReference; lastKnownFileType = text.plist.strings; name = en; path = en.lproj/InfoPlist.strings; sourceTree = "<group>"; };
		EF840B891978044700748569 /* CaculatorTests.m */ = {isa = PBXFileReference; lastKnownFileType = sourcecode.c.objc; path = CaculatorTests.m; sourceTree = "<group>"; };
/* End PBXFileReference section */

/* Begin PBXFrameworksBuildPhase section */
		EF840B551978044700748569 /* Frameworks */ = {
			isa = PBXFrameworksBuildPhase;
			buildActionMask = 2147483647;
			files = (
				EF840B5E1978044700748569 /* CoreGraphics.framework in Frameworks */,
				EF840B601978044700748569 /* UIKit.framework in Frameworks */,
				EF840B5C1978044700748569 /* Foundation.framework in Frameworks */,
			);
			runOnlyForDeploymentPostprocessing = 0;
		};
		EF840B791978044700748569 /* Frameworks */ = {
			isa = PBXFrameworksBuildPhase;
			buildActionMask = 2147483647;
			files = (
				EF840B7E1978044700748569 /* XCTest.framework in Frameworks */,
				EF840B801978044700748569 /* UIKit.framework in Frameworks */,
				EF840B7F1978044700748569 /* Foundation.framework in Frameworks */,
			);
			runOnlyForDeploymentPostprocessing = 0;
		};
/* End PBXFrameworksBuildPhase section */

/* Begin PBXGroup section */
		EF840B4F1978044700748569 = {
			isa = PBXGroup;
			children = (
				EF840B611978044700748569 /* Caculator */,
				EF840B831978044700748569 /* CaculatorTests */,
				EF840B5A1978044700748569 /* Frameworks */,
				EF840B591978044700748569 /* Products */,
			);
			sourceTree = "<group>";
		};
		EF840B591978044700748569 /* Products */ = {
			isa = PBXGroup;
			children = (
				EF840B581978044700748569 /* Caculator.app */,
				EF840B7C1978044700748569 /* CaculatorTests.xctest */,
			);
			name = Products;
			sourceTree = "<group>";
		};
		EF840B5A1978044700748569 /* Frameworks */ = {
			isa = PBXGroup;
			children = (
				EF840B5B1978044700748569 /* Foundation.framework */,
				EF840B5D1978044700748569 /* CoreGraphics.framework */,
				EF840B5F1978044700748569 /* UIKit.framework */,
				EF840B7D1978044700748569 /* XCTest.framework */,
			);
			name = Frameworks;
			sourceTree = "<group>";
		};
		EF840B611978044700748569 /* Caculator */ = {
			isa = PBXGroup;
			children = (
				EF840B6A1978044700748569 /* AppDelegate.h */,
				EF840B6B1978044700748569 /* AppDelegate.m */,
				EF840B6D1978044700748569 /* Main_iPhone.storyboard */,
				EF840B701978044700748569 /* Main_iPad.storyboard */,
				EF840B731978044700748569 /* ViewController.h */,
				EF840B741978044700748569 /* ViewController.m */,
				EF840B761978044700748569 /* Images.xcassets */,
				EF840B621978044700748569 /* Supporting Files */,
			);
			path = Caculator;
			sourceTree = "<group>";
		};
		EF840B621978044700748569 /* Supporting Files */ = {
			isa = PBXGroup;
			children = (
				EF840B631978044700748569 /* Caculator-Info.plist */,
				EF840B641978044700748569 /* InfoPlist.strings */,
				EF840B671978044700748569 /* main.m */,
				EF840B691978044700748569 /* Caculator-Prefix.pch */,
			);
			name = "Supporting Files";
			sourceTree = "<group>";
		};
		EF840B831978044700748569 /* CaculatorTests */ = {
			isa = PBXGroup;
			children = (
				EF840B891978044700748569 /* CaculatorTests.m */,
				EF840B841978044700748569 /* Supporting Files */,
			);
			path = CaculatorTests;
			sourceTree = "<group>";
		};
		EF840B841978044700748569 /* Supporting Files */ = {
			isa = PBXGroup;
			children = (
				EF840B851978044700748569 /* CaculatorTests-Info.plist */,
				EF840B861978044700748569 /* InfoPlist.strings */,
			);
			name = "Supporting Files";
			sourceTree = "<group>";
		};
/* End PBXGroup section */

/* Begin PBXNativeTarget section */
		EF840B571978044700748569 /* Caculator */ = {
			isa = PBXNativeTarget;
			buildConfigurationList = EF840B8D1978044700748569 /* Build configuration list for PBXNativeTarget "Caculator" */;
			buildPhases = (
				EF840B541978044700748569 /* Sources */,
				EF840B551978044700748569 /* Frameworks */,
				EF840B561978044700748569 /* Resources */,
			);
			buildRules = (
			);
			dependencies = (
			);
			name = Caculator;
			productName = Caculator;
			productReference = EF840B581978044700748569 /* Caculator.app */;
			productType = "com.apple.product-type.application";
		};
		EF840B7B1978044700748569 /* CaculatorTests */ = {
			isa = PBXNativeTarget;
			buildConfigurationList = EF840B901978044700748569 /* Build configuration list for PBXNativeTarget "CaculatorTests" */;
			buildPhases = (
				EF840B781978044700748569 /* Sources */,
				EF840B791978044700748569 /* Frameworks */,
				EF840B7A1978044700748569 /* Resources */,
			);
			buildRules = (
			);
			dependencies = (
				EF840B821978044700748569 /* PBXTargetDependency */,
			);
			name = CaculatorTests;
			productName = CaculatorTests;
			productReference = EF840B7C1978044700748569 /* CaculatorTests.xctest */;
			productType = "com.apple.product-type.bundle.unit-test";
		};
/* End PBXNativeTarget section */

/* Begin PBXProject section */
		EF840B501978044700748569 /* Project object */ = {
			isa = PBXProject;
			attributes = {
				LastUpgradeCheck = 0510;
				ORGANIZATIONNAME = "Sean, Zeng";
				TargetAttributes = {
					EF840B7B1978044700748569 = {
						TestTargetID = EF840B571978044700748569;
					};
				};
			};
			buildConfigurationList = EF840B531978044700748569 /* Build configuration list for PBXProject "Caculator" */;
			compatibilityVersion = "Xcode 3.2";
			developmentRegion = English;
			hasScannedForEncodings = 0;
			knownRegions = (
				en,
				Base,
			);
			mainGroup = EF840B4F1978044700748569;
			productRefGroup = EF840B591978044700748569 /* Products */;
			projectDirPath = "";
			projectRoot = "";
			targets = (
				EF840B571978044700748569 /* Caculator */,
				EF840B7B1978044700748569 /* CaculatorTests */,
			);
		};
/* End PBXProject section */

/* Begin PBXResourcesBuildPhase section */
		EF840B561978044700748569 /* Resources */ = {
			isa = PBXResourcesBuildPhase;
			buildActionMask = 2147483647;
			files = (
				EF840B721978044700748569 /* Main_iPad.storyboard in Resources */,
				EF840B771978044700748569 /* Images.xcassets in Resources */,
				EF840B6F1978044700748569 /* Main_iPhone.storyboard in Resources */,
				EF840B661978044700748569 /* InfoPlist.strings in Resources */,
			);
			runOnlyForDeploymentPostprocessing = 0;
		};
		EF840B7A1978044700748569 /* Resources */ = {
			isa = PBXResourcesBuildPhase;
			buildActionMask = 2147483647;
			files = (
				EF840B881978044700748569 /* InfoPlist.strings in Resources */,
			);
			runOnlyForDeploymentPostprocessing = 0;
		};
/* End PBXResourcesBuildPhase section */

/* Begin PBXSourcesBuildPhase section */
		EF840B541978044700748569 /* Sources */ = {
			isa = PBXSourcesBuildPhase;
			buildActionMask = 2147483647;
			files = (
				EF840B751978044700748569 /* ViewController.m in Sources */,
				EF840B6C1978044700748569 /* AppDelegate.m in Sources */,
				EF840B681978044700748569 /* main.m in Sources */,
			);
			runOnlyForDeploymentPostprocessing = 0;
		};
		EF840B781978044700748569 /* Sources */ = {
			isa = PBXSourcesBuildPhase;
			buildActionMask = 2147483647;
			files = (
				EF840B8A1978044700748569 /* CaculatorTests.m in Sources */,
			);
			runOnlyForDeploymentPostprocessing = 0;
		};
/* End PBXSourcesBuildPhase section */

/* Begin PBXTargetDependency section */
		EF840B821978044700748569 /* PBXTargetDependency */ = {
			isa = PBXTargetDependency;
			target = EF840B571978044700748569 /* Caculator */;
			targetProxy = EF840B811978044700748569 /* PBXContainerItemProxy */;
		};
/* End PBXTargetDependency section */

/* Begin PBXVariantGroup section */
		EF840B641978044700748569 /* InfoPlist.strings */ = {
			isa = PBXVariantGroup;
			children = (
				EF840B651978044700748569 /* en */,
			);
			name = InfoPlist.strings;
			sourceTree = "<group>";
		};
		EF840B6D1978044700748569 /* Main_iPhone.storyboard */ = {
			isa = PBXVariantGroup;
			children = (
				EF840B6E1978044700748569 /* Base */,
			);
			name = Main_iPhone.storyboard;
			sourceTree = "<group>";
		};
		EF840B701978044700748569 /* Main_iPad.storyboard */ = {
			isa = PBXVariantGroup;
			children = (
				EF840B711978044700748569 /* Base */,
			);
			name = Main_iPad.storyboard;
			sourceTree = "<group>";
		};
		EF840B861978044700748569 /* InfoPlist.strings */ = {
			isa = PBXVariantGroup;
			children = (
				EF840B871978044700748569 /* en */,
			);
			name = InfoPlist.strings;
			sourceTree = "<group>";
		};
/* End PBXVariantGroup section */

/* Begin XCBuildConfiguration section */
		EF840B8B1978044700748569 /* Debug */ = {
			isa = XCBuildConfiguration;
			buildSettings = {
				ALWAYS_SEARCH_USER_PATHS = NO;
				CLANG_CXX_LANGUAGE_STANDARD = "gnu++0x";
				CLANG_CXX_LIBRARY = "libc++";
				CLANG_ENABLE_MODULES = YES;
				CLANG_ENABLE_OBJC_ARC = YES;
				CLANG_WARN_BOOL_CONVERSION = YES;
				CLANG_WARN_CONSTANT_CONVERSION = YES;
				CLANG_WARN_DIRECT_OBJC_ISA_USAGE = YES_ERROR;
				CLANG_WARN_EMPTY_BODY = YES;
				CLANG_WARN_ENUM_CONVERSION = YES;
				CLANG_WARN_INT_CONVERSION = YES;
				CLANG_WARN_OBJC_ROOT_CLASS = YES_ERROR;
				CLANG_WARN__DUPLICATE_METHOD_MATCH = YES;
				"CODE_SIGN_IDENTITY[sdk=iphoneos*]" = "iPhone Developer";
				COPY_PHASE_STRIP = NO;
				GCC_C_LANGUAGE_STANDARD = gnu99;
				GCC_DYNAMIC_NO_PIC = NO;
				GCC_OPTIMIZATION_LEVEL = 0;
				GCC_PREPROCESSOR_DEFINITIONS = (
					"DEBUG=1",
					"$(inherited)",
				);
				GCC_SYMBOLS_PRIVATE_EXTERN = NO;
				GCC_WARN_64_TO_32_BIT_CONVERSION = YES;
				GCC_WARN_ABOUT_RETURN_TYPE = YES_ERROR;
				GCC_WARN_UNDECLARED_SELECTOR = YES;
				GCC_WARN_UNINITIALIZED_AUTOS = YES_AGGRESSIVE;
				GCC_WARN_UNUSED_FUNCTION = YES;
				GCC_WARN_UNUSED_VARIABLE = YES;
				IPHONEOS_DEPLOYMENT_TARGET = 7.1;
				ONLY_ACTIVE_ARCH = YES;
				SDKROOT = iphoneos;
				TARGETED_DEVICE_FAMILY = "1,2";
			};
			name = Debug;
		};
		EF840B8C1978044700748569 /* Release */ = {
			isa = XCBuildConfiguration;
			buildSettings = {
				ALWAYS_SEARCH_USER_PATHS = NO;
				CLANG_CXX_LANGUAGE_STANDARD = "gnu++0x";
				CLANG_CXX_LIBRARY = "libc++";
				CLANG_ENABLE_MODULES = YES;
				CLANG_ENABLE_OBJC_ARC = YES;
				CLANG_WARN_BOOL_CONVERSION = YES;
				CLANG_WARN_CONSTANT_CONVERSION = YES;
				CLANG_WARN_DIRECT_OBJC_ISA_USAGE = YES_ERROR;
				CLANG_WARN_EMPTY_BODY = YES;
				CLANG_WARN_ENUM_CONVERSION = YES;
				CLANG_WARN_INT_CONVERSION = YES;
				CLANG_WARN_OBJC_ROOT_CLASS = YES_ERROR;
				CLANG_WARN__DUPLICATE_METHOD_MATCH = YES;
				"CODE_SIGN_IDENTITY[sdk=iphoneos*]" = "iPhone Developer";
				COPY_PHASE_STRIP = YES;
				ENABLE_NS_ASSERTIONS = NO;
				GCC_C_LANGUAGE_STANDARD = gnu99;
				GCC_WARN_64_TO_32_BIT_CONVERSION = YES;
				GCC_WARN_ABOUT_RETURN_TYPE = YES_ERROR;
				GCC_WARN_UNDECLARED_SELECTOR = YES;
				GCC_WARN_UNINITIALIZED_AUTOS = YES_AGGRESSIVE;
				GCC_WARN_UNUSED_FUNCTION = YES;
				GCC_WARN_UNUSED_VARIABLE = YES;
				IPHONEOS_DEPLOYMENT_TARGET = 7.1;
				SDKROOT = iphoneos;
				TARGETED_DEVICE_FAMILY = "1,2";
				VALIDATE_PRODUCT = YES;
			};
			name = Release;
		};
		EF840B8E1978044700748569 /* Debug */ = {
			isa = XCBuildConfiguration;
			buildSettings = {
				ASSETCATALOG_COMPILER_APPICON_NAME = AppIcon;
				ASSETCATALOG_COMPILER_LAUNCHIMAGE_NAME = LaunchImage;
				GCC_PRECOMPILE_PREFIX_HEADER = YES;
				GCC_PREFIX_HEADER = "Caculator/Caculator-Prefix.pch";
				INFOPLIST_FILE = "Caculator/Caculator-Info.plist";
				PRODUCT_NAME = "$(TARGET_NAME)";
				WRAPPER_EXTENSION = app;
			};
			name = Debug;
		};
		EF840B8F1978044700748569 /* Release */ = {
			isa = XCBuildConfiguration;
			buildSettings = {
				ASSETCATALOG_COMPILER_APPICON_NAME = AppIcon;
				ASSETCATALOG_COMPILER_LAUNCHIMAGE_NAME = LaunchImage;
				GCC_PRECOMPILE_PREFIX_HEADER = YES;
				GCC_PREFIX_HEADER = "Caculator/Caculator-Prefix.pch";
				INFOPLIST_FILE = "Caculator/Caculator-Info.plist";
				PRODUCT_NAME = "$(TARGET_NAME)";
				WRAPPER_EXTENSION = app;
			};
			name = Release;
		};
		EF840B911978044700748569 /* Debug */ = {
			isa = XCBuildConfiguration;
			buildSettings = {
				BUNDLE_LOADER = "$(BUILT_PRODUCTS_DIR)/Caculator.app/Caculator";
				FRAMEWORK_SEARCH_PATHS = (
					"$(SDKROOT)/Developer/Library/Frameworks",
					"$(inherited)",
					"$(DEVELOPER_FRAMEWORKS_DIR)",
				);
				GCC_PRECOMPILE_PREFIX_HEADER = YES;
				GCC_PREFIX_HEADER = "Caculator/Caculator-Prefix.pch";
				GCC_PREPROCESSOR_DEFINITIONS = (
					"DEBUG=1",
					"$(inherited)",
				);
				INFOPLIST_FILE = "CaculatorTests/CaculatorTests-Info.plist";
				PRODUCT_NAME = "$(TARGET_NAME)";
				TEST_HOST = "$(BUNDLE_LOADER)";
				WRAPPER_EXTENSION = xctest;
			};
			name = Debug;
		};
		EF840B921978044700748569 /* Release */ = {
			isa = XCBuildConfiguration;
			buildSettings = {
				BUNDLE_LOADER = "$(BUILT_PRODUCTS_DIR)/Caculator.app/Caculator";
				FRAMEWORK_SEARCH_PATHS = (
					"$(SDKROOT)/Developer/Library/Frameworks",
					"$(inherited)",
					"$(DEVELOPER_FRAMEWORKS_DIR)",
				);
				GCC_PRECOMPILE_PREFIX_HEADER = YES;
				GCC_PREFIX_HEADER = "Caculator/Caculator-Prefix.pch";
				INFOPLIST_FILE = "CaculatorTests/CaculatorTests-Info.plist";
				PRODUCT_NAME = "$(TARGET_NAME)";
				TEST_HOST = "$(BUNDLE_LOADER)";
				WRAPPER_EXTENSION = xctest;
			};
			name = Release;
		};
/* End XCBuildConfiguration section */

/* Begin XCConfigurationList section */
		EF840B531978044700748569 /* Build configuration list for PBXProject "Caculator" */ = {
			isa = XCConfigurationList;
			buildConfigurations = (
				EF840B8B1978044700748569 /* Debug */,
				EF840B8C1978044700748569 /* Release */,
			);
			defaultConfigurationIsVisible = 0;
			defaultConfigurationName = Release;
		};
		EF840B8D1978044700748569 /* Build configuration list for PBXNativeTarget "Caculator" */ = {
			isa = XCConfigurationList;
			buildConfigurations = (
				EF840B8E1978044700748569 /* Debug */,
				EF840B8F1978044700748569 /* Release */,
			);
			defaultConfigurationIsVisible = 0;
		};
		EF840B901978044700748569 /* Build configuration list for PBXNativeTarget "CaculatorTests" */ = {
			isa = XCConfigurationList;
			buildConfigurations = (
				EF840B911978044700748569 /* Debug */,
				EF840B921978044700748569 /* Release */,
			);
			defaultConfigurationIsVisible = 0;
		};
/* End XCConfigurationList section */
	};
	rootObject = EF840B501978044700748569 /* Project object */;
}
